
Microsoft Visual Studio Solution File, Format Version 12.00
# Visual Studio 2012
Project("{FAE04EC0-301F-11D3-BF4B-00C04F79EFBC}") = "MyDatatable", "MyDatatable\MyDatatable.csproj", "{5093F9B8-BD78-4562-938E-771531E3B18A}"
EndProject
Global
	GlobalSection(SolutionConfigurationPlatforms) = preSolution
		Debug|Any CPU = Debug|Any CPU
		Release|Any CPU = Release|Any CPU
	EndGlobalSection
	GlobalSection(ProjectConfigurationPlatforms) = postSolution
		{5093F9B8-BD78-4562-938E-771531E3B18A}.Debug|Any CPU.ActiveCfg = Debug|Any CPU
		{5093F9B8-BD78-4562-938E-771531E3B18A}.Debug|Any CPU.Build.0 = Debug|Any CPU
		{5093F9B8-BD78-4562-938E-771531E3B18A}.Release|Any CPU.ActiveCfg = Release|Any CPU
		{5093F9B8-BD78-4562-938E-771531E3B18A}.Release|Any CPU.Build.0 = Release|Any CPU
	EndGlobalSection
	GlobalSection(SolutionProperties) = preSolution
		HideSolutionNode = FALSE
	EndGlobalSection
EndGlobal
